
Microsoft Visual Studio Solution File, Format Version 12.00
Project("{FAE04EC0-301F-11D3-BF4B-00C04F79EFBC}") = "DadLibs", "DadLibs\DadLibs.csproj", "{066DB6E3-4947-41BE-A321-29F2B5069CBF}"
EndProject
Global
	GlobalSection(SolutionConfigurationPlatforms) = preSolution
		Debug|Any CPU = Debug|Any CPU
		Release|Any CPU = Release|Any CPU
	EndGlobalSection
	GlobalSection(ProjectConfigurationPlatforms) = postSolution
		{066DB6E3-4947-41BE-A321-29F2B5069CBF}.Debug|Any CPU.ActiveCfg = Debug|Any CPU
		{066DB6E3-4947-41BE-A321-29F2B5069CBF}.Debug|Any CPU.Build.0 = Debug|Any CPU
		{066DB6E3-4947-41BE-A321-29F2B5069CBF}.Release|Any CPU.ActiveCfg = Release|Any CPU
		{066DB6E3-4947-41BE-A321-29F2B5069CBF}.Release|Any CPU.Build.0 = Release|Any CPU
	EndGlobalSection
EndGlobal
